{
    "_meta": {
        "hash": {
            "sha256": "1e3b8802f56dfa2ad34df890417c91aba08ba1304e0d40096a421cc5537292a1"
        },
        "pipfile-spec": 6,
        "requires": {
            "python_version": "3.9"
        },
        "sources": [
            {
                "name": "pypi",
                "url": "https://pypi.org/simple",
                "verify_ssl": true
            }
        ]
    },
    "default": {
        "dj-database-url": {
            "hashes": [
                "sha256:4aeaeb1f573c74835b0686a2b46b85990571159ffc21aa57ecd4d1e1cb334163",
                "sha256:851785365761ebe4994a921b433062309eb882fedd318e1b0fcecc607ed02da9"
            ],
            "version": "==0.5.0"
        },
        "dj-email-url": {
            "hashes": [
                "sha256:64257c4f9d8139a4af8e5267229d32260e433fbf257b0cf8fc855bb0cc39ca7d",
                "sha256:ef36f8a324ec57cf3be5c7a7ef44ed6900ca0208624a918ab33adc1cf6427b39"
            ],
            "version": "==1.0.5"
        },
        "django-cache-url": {
            "hashes": [
                "sha256:4559398a946ff24c4ee96e32c55e3b760bd69f7c2ba48844cdf8fcb4f76d10bd",
                "sha256:9061f8e7ffbb29eb92ba93fa9058003ec92393e85c537d1969570652ff8721fa"
            ],
            "version": "==3.4.0"
        },
        "environs": {
            "extras": [
                "django"
            ],
            "hashes": [
                "sha256:1e549569a3de49c05f856f40bce86979e7d5ffbbc4398e7f338574c220189124",
                "sha256:a76307b36fbe856bdca7ee9161e6c466fd7fcffc297109a118c59b54e27e30c9"
            ],
            "index": "pypi",
            "version": "==9.5.0"
        },
        "gunicorn": {
            "hashes": [
                "sha256:9dcc4547dbb1cb284accfb15ab5667a0e5d1881cc443e0677b4882a4067a807e",
                "sha256:e0a968b5ba15f8a328fdfd7ab1fcb5af4470c28aaf7e55df02a99bc13138e6e8"
            ],
            "index": "pypi",
            "version": "==20.1.0"
        },
        "marshmallow": {
            "hashes": [
                "sha256:2aaaab4f01ef4f5a011a21319af9fce17ab13bf28a026d1252adab0e035648d5",
                "sha256:ff79885ed43b579782f48c251d262e062bce49c65c52412458769a4fb57ac30f"
            ],
            "markers": "python_version >= '3.7'",
            "version": "==3.15.0"
        },
        "packaging": {
            "hashes": [
                "sha256:dd47c42927d89ab911e606518907cc2d3a1f38bbd026385970643f9c5b8ecfeb",
                "sha256:ef103e05f519cdc783ae24ea4e2e0f508a9c99b2d4969652eed6a2e1ea5bd522"
            ],
            "markers": "python_version >= '3.6'",
            "version": "==21.3"
        },
        "pyparsing": {
            "hashes": [
                "sha256:7bf433498c016c4314268d95df76c81b842a4cb2b276fa3312cfb1e1d85f6954",
                "sha256:ef7b523f6356f763771559412c0d7134753f037822dad1b16945b7b846f7ad06"
            ],
            "markers": "python_full_version >= '3.6.8'",
            "version": "==3.0.8"
        },
        "python-dotenv": {
            "hashes": [
                "sha256:b7e3b04a59693c42c36f9ab1cc2acc46fa5df8c78e178fc33a8d4cd05c8d498f",
                "sha256:d92a187be61fe482e4fd675b6d52200e7be63a12b724abbf931a40ce4fa92938"
            ],
            "markers": "python_version >= '3.5'",
            "version": "==0.20.0"
        },
        "setuptools": {
            "hashes": [
                "sha256:26ead7d1f93efc0f8c804d9fafafbe4a44b179580a7105754b245155f9af05a8",
                "sha256:47c7b0c0f8fc10eec4cf1e71c6fdadf8decaa74ffa087e68cd1c20db7ad6a592"
            ],
            "markers": "python_version >= '3.7'",
            "version": "==62.1.0"
        },
        "whitenoise": {
            "hashes": [
                "sha256:08c42bc535f9777eea1a599289d9433f081921f97887eaf6f559446b2a080374",
                "sha256:5a4aff543ee860fbe40d743e556adf92ccd41b7df45697cae074afdf657056b9"
            ],
            "index": "pypi",
            "version": "==6.0.0"
        }
    },
    "develop": {}
}
